
Microsoft Visual Studio Solution File, Format Version 12.00
# Visual Studio 2012
Project("{FAE04EC0-301F-11D3-BF4B-00C04F79EFBC}") = "WidgetTest1", "WidgetTest1\WidgetTest1.csproj", "{FF208A44-294E-4DCD-9C00-DD25B8290A73}"
EndProject
Global
	GlobalSection(SolutionConfigurationPlatforms) = preSolution
		Debug|Any CPU = Debug|Any CPU
		Release|Any CPU = Release|Any CPU
	EndGlobalSection
	GlobalSection(ProjectConfigurationPlatforms) = postSolution
		{FF208A44-294E-4DCD-9C00-DD25B8290A73}.Debug|Any CPU.ActiveCfg = Debug|Any CPU
		{FF208A44-294E-4DCD-9C00-DD25B8290A73}.Debug|Any CPU.Build.0 = Debug|Any CPU
		{FF208A44-294E-4DCD-9C00-DD25B8290A73}.Release|Any CPU.ActiveCfg = Release|Any CPU
		{FF208A44-294E-4DCD-9C00-DD25B8290A73}.Release|Any CPU.Build.0 = Release|Any CPU
	EndGlobalSection
	GlobalSection(SolutionProperties) = preSolution
		HideSolutionNode = FALSE
	EndGlobalSection
EndGlobal
